
Microsoft Visual Studio Solution File, Format Version 12.00
# Visual Studio 15
VisualStudioVersion = 15.0.27703.2026
MinimumVisualStudioVersion = 10.0.40219.1
Project("{FAE04EC0-301F-11D3-BF4B-00C04F79EFBC}") = "FileUploadDownload.WebApi", "FileUploadDownload.WebApi\FileUploadDownload.WebApi.csproj", "{8F2A0AEC-BF39-4DE5-A6D7-2D936176A013}"
EndProject
Project("{FAE04EC0-301F-11D3-BF4B-00C04F79EFBC}") = "FileUploadDownload.WebUI", "FileUploadDownload.WebUI\FileUploadDownload.WebUI.csproj", "{ADC81B20-5A78-4917-830E-10BD1589AC72}"
EndProject
Global
	GlobalSection(SolutionConfigurationPlatforms) = preSolution
		Debug|Any CPU = Debug|Any CPU
		Release|Any CPU = Release|Any CPU
	EndGlobalSection
	GlobalSection(ProjectConfigurationPlatforms) = postSolution
		{8F2A0AEC-BF39-4DE5-A6D7-2D936176A013}.Debug|Any CPU.ActiveCfg = Debug|Any CPU
		{8F2A0AEC-BF39-4DE5-A6D7-2D936176A013}.Debug|Any CPU.Build.0 = Debug|Any CPU
		{8F2A0AEC-BF39-4DE5-A6D7-2D936176A013}.Release|Any CPU.ActiveCfg = Release|Any CPU
		{8F2A0AEC-BF39-4DE5-A6D7-2D936176A013}.Release|Any CPU.Build.0 = Release|Any CPU
		{ADC81B20-5A78-4917-830E-10BD1589AC72}.Debug|Any CPU.ActiveCfg = Debug|Any CPU
		{ADC81B20-5A78-4917-830E-10BD1589AC72}.Debug|Any CPU.Build.0 = Debug|Any CPU
		{ADC81B20-5A78-4917-830E-10BD1589AC72}.Release|Any CPU.ActiveCfg = Release|Any CPU
		{ADC81B20-5A78-4917-830E-10BD1589AC72}.Release|Any CPU.Build.0 = Release|Any CPU
	EndGlobalSection
	GlobalSection(SolutionProperties) = preSolution
		HideSolutionNode = FALSE
	EndGlobalSection
	GlobalSection(ExtensibilityGlobals) = postSolution
		SolutionGuid = {E6CD3F95-8821-4C7B-B6A3-14A7FF5563CA}
	EndGlobalSection
EndGlobal
